
Microsoft Visual Studio Solution File, Format Version 12.00
# Visual Studio Version 17
VisualStudioVersion = 17.4.33110.190
MinimumVisualStudioVersion = 10.0.40219.1
Project("{FAE04EC0-301F-11D3-BF4B-00C04F79EFBC}") = "test123", "test123.csproj", "{73834607-F5A0-48BC-AC8A-CB02B3567694}"
EndProject
Global
	GlobalSection(SolutionConfigurationPlatforms) = preSolution
		Debug|Any CPU = Debug|Any CPU
		Release|Any CPU = Release|Any CPU
	EndGlobalSection
	GlobalSection(ProjectConfigurationPlatforms) = postSolution
		{73834607-F5A0-48BC-AC8A-CB02B3567694}.Debug|Any CPU.ActiveCfg = Debug|Any CPU
		{73834607-F5A0-48BC-AC8A-CB02B3567694}.Debug|Any CPU.Build.0 = Debug|Any CPU
		{73834607-F5A0-48BC-AC8A-CB02B3567694}.Release|Any CPU.ActiveCfg = Release|Any CPU
		{73834607-F5A0-48BC-AC8A-CB02B3567694}.Release|Any CPU.Build.0 = Release|Any CPU
	EndGlobalSection
	GlobalSection(SolutionProperties) = preSolution
		HideSolutionNode = FALSE
	EndGlobalSection
	GlobalSection(ExtensibilityGlobals) = postSolution
		SolutionGuid = {A5FA65EB-D05F-4333-BA1A-60EBF0FAB660}
	EndGlobalSection
EndGlobal
